// !$*UTF8*$!
{
	archiveVersion = 1;
	classes = {
	};
	objectVersion = 46;
	objects = {

/* Begin PBXBuildFile section */
		08810D271D2FDCD20039B357 /* AppDelegate.swift in Sources */ = {isa = PBXBuildFile; fileRef = 08810D261D2FDCD20039B357 /* AppDelegate.swift */; };
		08810D291D2FDCD20039B357 /* ViewController.swift in Sources */ = {isa = PBXBuildFile; fileRef = 08810D281D2FDCD20039B357 /* ViewController.swift */; };
		08810D2C1D2FDCD20039B357 /* Main.storyboard in Resources */ = {isa = PBXBuildFile; fileRef = 08810D2A1D2FDCD20039B357 /* Main.storyboard */; };
		08810D2E1D2FDCD20039B357 /* Assets.xcassets in Resources */ = {isa = PBXBuildFile; fileRef = 08810D2D1D2FDCD20039B357 /* Assets.xcassets */; };
		08810D311D2FDCD20039B357 /* LaunchScreen.storyboard in Resources */ = {isa = PBXBuildFile; fileRef = 08810D2F1D2FDCD20039B357 /* LaunchScreen.storyboard */; };
		08810D3C1D2FDD940039B357 /* Post.swift in Sources */ = {isa = PBXBuildFile; fileRef = 08810D3B1D2FDD940039B357 /* Post.swift */; };
		08810D401D31C4B30039B357 /* PostTableViewCell.swift in Sources */ = {isa = PBXBuildFile; fileRef = 08810D3F1D31C4B30039B357 /* PostTableViewCell.swift */; };
		08810D421D33C9310039B357 /* AddPostVC.swift in Sources */ = {isa = PBXBuildFile; fileRef = 08810D411D33C9310039B357 /* AddPostVC.swift */; };
		08810D471D3682740039B357 /* DataService.swift in Sources */ = {isa = PBXBuildFile; fileRef = 08810D461D3682740039B357 /* DataService.swift */; };
/* End PBXBuildFile section */

/* Begin PBXFileReference section */
		08810D231D2FDCD20039B357 /* My Hood.app */ = {isa = PBXFileReference; explicitFileType = wrapper.application; includeInIndex = 0; path = "My Hood.app"; sourceTree = BUILT_PRODUCTS_DIR; };
		08810D261D2FDCD20039B357 /* AppDelegate.swift */ = {isa = PBXFileReference; lastKnownFileType = sourcecode.swift; path = AppDelegate.swift; sourceTree = "<group>"; };
		08810D281D2FDCD20039B357 /* ViewController.swift */ = {isa = PBXFileReference; lastKnownFileType = sourcecode.swift; path = ViewController.swift; sourceTree = "<group>"; };
		08810D2B1D2FDCD20039B357 /* Base */ = {isa = PBXFileReference; lastKnownFileType = file.storyboard; name = Base; path = Base.lproj/Main.storyboard; sourceTree = "<group>"; };
		08810D2D1D2FDCD20039B357 /* Assets.xcassets */ = {isa = PBXFileReference; lastKnownFileType = folder.assetcatalog; path = Assets.xcassets; sourceTree = "<group>"; };
		08810D301D2FDCD20039B357 /* Base */ = {isa = PBXFileReference; lastKnownFileType = file.storyboard; name = Base; path = Base.lproj/LaunchScreen.storyboard; sourceTree = "<group>"; };
		08810D321D2FDCD20039B357 /* Info.plist */ = {isa = PBXFileReference; lastKnownFileType = text.plist.xml; path = Info.plist; sourceTree = "<group>"; };
		08810D3B1D2FDD940039B357 /* Post.swift */ = {isa = PBXFileReference; fileEncoding = 4; lastKnownFileType = sourcecode.swift; path = Post.swift; sourceTree = "<group>"; };
		08810D3F1D31C4B30039B357 /* PostTableViewCell.swift */ = {isa = PBXFileReference; fileEncoding = 4; lastKnownFileType = sourcecode.swift; path = PostTableViewCell.swift; sourceTree = "<group>"; };
		08810D411D33C9310039B357 /* AddPostVC.swift */ = {isa = PBXFileReference; fileEncoding = 4; lastKnownFileType = sourcecode.swift; path = AddPostVC.swift; sourceTree = "<group>"; };
		08810D461D3682740039B357 /* DataService.swift */ = {isa = PBXFileReference; fileEncoding = 4; lastKnownFileType = sourcecode.swift; path = DataService.swift; sourceTree = "<group>"; };
/* End PBXFileReference section */

/* Begin PBXFrameworksBuildPhase section */
		08810D201D2FDCD20039B357 /* Frameworks */ = {
			isa = PBXFrameworksBuildPhase;
			buildActionMask = 2147483647;
			files = (
			);
			runOnlyForDeploymentPostprocessing = 0;
		};
/* End PBXFrameworksBuildPhase section */

/* Begin PBXGroup section */
		08810D1A1D2FDCD20039B357 = {
			isa = PBXGroup;
			children = (
				08810D251D2FDCD20039B357 /* My Hood */,
				08810D241D2FDCD20039B357 /* Products */,
			);
			sourceTree = "<group>";
		};
		08810D241D2FDCD20039B357 /* Products */ = {
			isa = PBXGroup;
			children = (
				08810D231D2FDCD20039B357 /* My Hood.app */,
			);
			name = Products;
			sourceTree = "<group>";
		};
		08810D251D2FDCD20039B357 /* My Hood */ = {
			isa = PBXGroup;
			children = (
				08810D451D3682630039B357 /* Services */,
				08810D381D2FDD010039B357 /* Model */,
				08810D391D2FDD060039B357 /* View */,
				08810D3A1D2FDD0B0039B357 /* Controller */,
				08810D261D2FDCD20039B357 /* AppDelegate.swift */,
				08810D2D1D2FDCD20039B357 /* Assets.xcassets */,
				08810D321D2FDCD20039B357 /* Info.plist */,
			);
			path = "My Hood";
			sourceTree = "<group>";
		};
		08810D381D2FDD010039B357 /* Model */ = {
			isa = PBXGroup;
			children = (
				08810D3B1D2FDD940039B357 /* Post.swift */,
			);
			name = Model;
			sourceTree = "<group>";
		};
		08810D391D2FDD060039B357 /* View */ = {
			isa = PBXGroup;
			children = (
				08810D2F1D2FDCD20039B357 /* LaunchScreen.storyboard */,
				08810D2A1D2FDCD20039B357 /* Main.storyboard */,
				08810D3F1D31C4B30039B357 /* PostTableViewCell.swift */,
			);
			name = View;
			sourceTree = "<group>";
		};
		08810D3A1D2FDD0B0039B357 /* Controller */ = {
			isa = PBXGroup;
			children = (
				08810D281D2FDCD20039B357 /* ViewController.swift */,
				08810D411D33C9310039B357 /* AddPostVC.swift */,
			);
			name = Controller;
			sourceTree = "<group>";
		};
		08810D451D3682630039B357 /* Services */ = {
			isa = PBXGroup;
			children = (
				08810D461D3682740039B357 /* DataService.swift */,
			);
			name = Services;
			sourceTree = "<group>";
		};
/* End PBXGroup section */

/* Begin PBXNativeTarget section */
		08810D221D2FDCD20039B357 /* My Hood */ = {
			isa = PBXNativeTarget;
			buildConfigurationList = 08810D351D2FDCD20039B357 /* Build configuration list for PBXNativeTarget "My Hood" */;
			buildPhases = (
				08810D1F1D2FDCD20039B357 /* Sources */,
				08810D201D2FDCD20039B357 /* Frameworks */,
				08810D211D2FDCD20039B357 /* Resources */,
			);
			buildRules = (
			);
			dependencies = (
			);
			name = "My Hood";
			productName = "My Hood";
			productReference = 08810D231D2FDCD20039B357 /* My Hood.app */;
			productType = "com.apple.product-type.application";
		};
/* End PBXNativeTarget section */

/* Begin PBXProject section */
		08810D1B1D2FDCD20039B357 /* Project object */ = {
			isa = PBXProject;
			attributes = {
				LastSwiftUpdateCheck = 0730;
				LastUpgradeCheck = 0730;
				ORGANIZATIONNAME = "Aaditya Narvekar";
				TargetAttributes = {
					08810D221D2FDCD20039B357 = {
						CreatedOnToolsVersion = 7.3.1;
					};
				};
			};
			buildConfigurationList = 08810D1E1D2FDCD20039B357 /* Build configuration list for PBXProject "My Hood" */;
			compatibilityVersion = "Xcode 3.2";
			developmentRegion = English;
			hasScannedForEncodings = 0;
			knownRegions = (
				en,
				Base,
			);
			mainGroup = 08810D1A1D2FDCD20039B357;
			productRefGroup = 08810D241D2FDCD20039B357 /* Products */;
			projectDirPath = "";
			projectRoot = "";
			targets = (
				08810D221D2FDCD20039B357 /* My Hood */,
			);
		};
/* End PBXProject section */

/* Begin PBXResourcesBuildPhase section */
		08810D211D2FDCD20039B357 /* Resources */ = {
			isa = PBXResourcesBuildPhase;
			buildActionMask = 2147483647;
			files = (
				08810D311D2FDCD20039B357 /* LaunchScreen.storyboard in Resources */,
				08810D2E1D2FDCD20039B357 /* Assets.xcassets in Resources */,
				08810D2C1D2FDCD20039B357 /* Main.storyboard in Resources */,
			);
			runOnlyForDeploymentPostprocessing = 0;
		};
/* End PBXResourcesBuildPhase section */

/* Begin PBXSourcesBuildPhase section */
		08810D1F1D2FDCD20039B357 /* Sources */ = {
			isa = PBXSourcesBuildPhase;
			buildActionMask = 2147483647;
			files = (
				08810D3C1D2FDD940039B357 /* Post.swift in Sources */,
				08810D471D3682740039B357 /* DataService.swift in Sources */,
				08810D291D2FDCD20039B357 /* ViewController.swift in Sources */,
				08810D421D33C9310039B357 /* AddPostVC.swift in Sources */,
				08810D271D2FDCD20039B357 /* AppDelegate.swift in Sources */,
				08810D401D31C4B30039B357 /* PostTableViewCell.swift in Sources */,
			);
			runOnlyForDeploymentPostprocessing = 0;
		};
/* End PBXSourcesBuildPhase section */

/* Begin PBXVariantGroup section */
		08810D2A1D2FDCD20039B357 /* Main.storyboard */ = {
			isa = PBXVariantGroup;
			children = (
				08810D2B1D2FDCD20039B357 /* Base */,
			);
			name = Main.storyboard;
			sourceTree = "<group>";
		};
		08810D2F1D2FDCD20039B357 /* LaunchScreen.storyboard */ = {
			isa = PBXVariantGroup;
			children = (
				08810D301D2FDCD20039B357 /* Base */,
			);
			name = LaunchScreen.storyboard;
			sourceTree = "<group>";
		};
/* End PBXVariantGroup section */

/* Begin XCBuildConfiguration section */
		08810D331D2FDCD20039B357 /* Debug */ = {
			isa = XCBuildConfiguration;
			buildSettings = {
				ALWAYS_SEARCH_USER_PATHS = NO;
				CLANG_ANALYZER_NONNULL = YES;
				CLANG_CXX_LANGUAGE_STANDARD = "gnu++0x";
				CLANG_CXX_LIBRARY = "libc++";
				CLANG_ENABLE_MODULES = YES;
				CLANG_ENABLE_OBJC_ARC = YES;
				CLANG_WARN_BOOL_CONVERSION = YES;
				CLANG_WARN_CONSTANT_CONVERSION = YES;
				CLANG_WARN_DIRECT_OBJC_ISA_USAGE = YES_ERROR;
				CLANG_WARN_EMPTY_BODY = YES;
				CLANG_WARN_ENUM_CONVERSION = YES;
				CLANG_WARN_INT_CONVERSION = YES;
				CLANG_WARN_OBJC_ROOT_CLASS = YES_ERROR;
				CLANG_WARN_UNREACHABLE_CODE = YES;
				CLANG_WARN__DUPLICATE_METHOD_MATCH = YES;
				"CODE_SIGN_IDENTITY[sdk=iphoneos*]" = "iPhone Developer";
				COPY_PHASE_STRIP = NO;
				DEBUG_INFORMATION_FORMAT = dwarf;
				ENABLE_STRICT_OBJC_MSGSEND = YES;
				ENABLE_TESTABILITY = YES;
				GCC_C_LANGUAGE_STANDARD = gnu99;
				GCC_DYNAMIC_NO_PIC = NO;
				GCC_NO_COMMON_BLOCKS = YES;
				GCC_OPTIMIZATION_LEVEL = 0;
				GCC_PREPROCESSOR_DEFINITIONS = (
					"DEBUG=1",
					"$(inherited)",
				);
				GCC_WARN_64_TO_32_BIT_CONVERSION = YES;
				GCC_WARN_ABOUT_RETURN_TYPE = YES_ERROR;
				GCC_WARN_UNDECLARED_SELECTOR = YES;
				GCC_WARN_UNINITIALIZED_AUTOS = YES_AGGRESSIVE;
				GCC_WARN_UNUSED_FUNCTION = YES;
				GCC_WARN_UNUSED_VARIABLE = YES;
				IPHONEOS_DEPLOYMENT_TARGET = 9.3;
				MTL_ENABLE_DEBUG_INFO = YES;
				ONLY_ACTIVE_ARCH = YES;
				SDKROOT = iphoneos;
				SWIFT_OPTIMIZATION_LEVEL = "-Onone";
				TARGETED_DEVICE_FAMILY = "1,2";
			};
			name = Debug;
		};
		08810D341D2FDCD20039B357 /* Release */ = {
			isa = XCBuildConfiguration;
			buildSettings = {
				ALWAYS_SEARCH_USER_PATHS = NO;
				CLANG_ANALYZER_NONNULL = YES;
				CLANG_CXX_LANGUAGE_STANDARD = "gnu++0x";
				CLANG_CXX_LIBRARY = "libc++";
				CLANG_ENABLE_MODULES = YES;
				CLANG_ENABLE_OBJC_ARC = YES;
				CLANG_WARN_BOOL_CONVERSION = YES;
				CLANG_WARN_CONSTANT_CONVERSION = YES;
				CLANG_WARN_DIRECT_OBJC_ISA_USAGE = YES_ERROR;
				CLANG_WARN_EMPTY_BODY = YES;
				CLANG_WARN_ENUM_CONVERSION = YES;
				CLANG_WARN_INT_CONVERSION = YES;
				CLANG_WARN_OBJC_ROOT_CLASS = YES_ERROR;
				CLANG_WARN_UNREACHABLE_CODE = YES;
				CLANG_WARN__DUPLICATE_METHOD_MATCH = YES;
				"CODE_SIGN_IDENTITY[sdk=iphoneos*]" = "iPhone Developer";
				COPY_PHASE_STRIP = NO;
				DEBUG_INFORMATION_FORMAT = "dwarf-with-dsym";
				ENABLE_NS_ASSERTIONS = NO;
				ENABLE_STRICT_OBJC_MSGSEND = YES;
				GCC_C_LANGUAGE_STANDARD = gnu99;
				GCC_NO_COMMON_BLOCKS = YES;
				GCC_WARN_64_TO_32_BIT_CONVERSION = YES;
				GCC_WARN_ABOUT_RETURN_TYPE = YES_ERROR;
				GCC_WARN_UNDECLARED_SELECTOR = YES;
				GCC_WARN_UNINITIALIZED_AUTOS = YES_AGGRESSIVE;
				GCC_WARN_UNUSED_FUNCTION = YES;
				GCC_WARN_UNUSED_VARIABLE = YES;
				IPHONEOS_DEPLOYMENT_TARGET = 9.3;
				MTL_ENABLE_DEBUG_INFO = NO;
				SDKROOT = iphoneos;
				TARGETED_DEVICE_FAMILY = "1,2";
				VALIDATE_PRODUCT = YES;
			};
			name = Release;
		};
		08810D361D2FDCD20039B357 /* Debug */ = {
			isa = XCBuildConfiguration;
			buildSettings = {
				ASSETCATALOG_COMPILER_APPICON_NAME = AppIcon;
				INFOPLIST_FILE = "My Hood/Info.plist";
				LD_RUNPATH_SEARCH_PATHS = "$(inherited) @executable_path/Frameworks";
				PRODUCT_BUNDLE_IDENTIFIER = "com.aadityanarvekar.My-Hood";
				PRODUCT_NAME = "$(TARGET_NAME)";
			};
			name = Debug;
		};
		08810D371D2FDCD20039B357 /* Release */ = {
			isa = XCBuildConfiguration;
			buildSettings = {
				ASSETCATALOG_COMPILER_APPICON_NAME = AppIcon;
				INFOPLIST_FILE = "My Hood/Info.plist";
				LD_RUNPATH_SEARCH_PATHS = "$(inherited) @executable_path/Frameworks";
				PRODUCT_BUNDLE_IDENTIFIER = "com.aadityanarvekar.My-Hood";
				PRODUCT_NAME = "$(TARGET_NAME)";
			};
			name = Release;
		};
/* End XCBuildConfiguration section */

/* Begin XCConfigurationList section */
		08810D1E1D2FDCD20039B357 /* Build configuration list for PBXProject "My Hood" */ = {
			isa = XCConfigurationList;
			buildConfigurations = (
				08810D331D2FDCD20039B357 /* Debug */,
				08810D341D2FDCD20039B357 /* Release */,
			);
			defaultConfigurationIsVisible = 0;
			defaultConfigurationName = Release;
		};
		08810D351D2FDCD20039B357 /* Build configuration list for PBXNativeTarget "My Hood" */ = {
			isa = XCConfigurationList;
			buildConfigurations = (
				08810D361D2FDCD20039B357 /* Debug */,
				08810D371D2FDCD20039B357 /* Release */,
			);
			defaultConfigurationIsVisible = 0;
			defaultConfigurationName = Release;
		};
/* End XCConfigurationList section */
	};
	rootObject = 08810D1B1D2FDCD20039B357 /* Project object */;
}
